
Microsoft Visual Studio Solution File, Format Version 12.00
# Visual Studio 15
VisualStudioVersion = 15.0.26730.16
MinimumVisualStudioVersion = 10.0.40219.1
Project("{FAE04EC0-301F-11D3-BF4B-00C04F79EFBC}") = "SizeAndPosition", "SizeAndPosition\SizeAndPosition.csproj", "{36DC0E29-0A65-4650-8A16-C6ED6E4CA180}"
EndProject
Global
	GlobalSection(SolutionConfigurationPlatforms) = preSolution
		Debug|Any CPU = Debug|Any CPU
		Release|Any CPU = Release|Any CPU
	EndGlobalSection
	GlobalSection(ProjectConfigurationPlatforms) = postSolution
		{36DC0E29-0A65-4650-8A16-C6ED6E4CA180}.Debug|Any CPU.ActiveCfg = Debug|Any CPU
		{36DC0E29-0A65-4650-8A16-C6ED6E4CA180}.Debug|Any CPU.Build.0 = Debug|Any CPU
		{36DC0E29-0A65-4650-8A16-C6ED6E4CA180}.Release|Any CPU.ActiveCfg = Release|Any CPU
		{36DC0E29-0A65-4650-8A16-C6ED6E4CA180}.Release|Any CPU.Build.0 = Release|Any CPU
	EndGlobalSection
	GlobalSection(SolutionProperties) = preSolution
		HideSolutionNode = FALSE
	EndGlobalSection
	GlobalSection(ExtensibilityGlobals) = postSolution
		SolutionGuid = {9BBA4EBB-C1F7-4DED-8C83-6F6DA5DBA7EA}
	EndGlobalSection
EndGlobal
