
Microsoft Visual Studio Solution File, Format Version 12.00
# Visual Studio 15
VisualStudioVersion = 15.0.26730.16
MinimumVisualStudioVersion = 10.0.40219.1
Project("{FAE04EC0-301F-11D3-BF4B-00C04F79EFBC}") = "SeleniumScreenshot", "SeleniumScreenshot\SeleniumScreenshot.csproj", "{1B49B02D-B3E5-4041-BD1C-210572FE5DF2}"
EndProject
Global
	GlobalSection(SolutionConfigurationPlatforms) = preSolution
		Debug|Any CPU = Debug|Any CPU
		Release|Any CPU = Release|Any CPU
	EndGlobalSection
	GlobalSection(ProjectConfigurationPlatforms) = postSolution
		{1B49B02D-B3E5-4041-BD1C-210572FE5DF2}.Debug|Any CPU.ActiveCfg = Debug|Any CPU
		{1B49B02D-B3E5-4041-BD1C-210572FE5DF2}.Debug|Any CPU.Build.0 = Debug|Any CPU
		{1B49B02D-B3E5-4041-BD1C-210572FE5DF2}.Release|Any CPU.ActiveCfg = Release|Any CPU
		{1B49B02D-B3E5-4041-BD1C-210572FE5DF2}.Release|Any CPU.Build.0 = Release|Any CPU
	EndGlobalSection
	GlobalSection(SolutionProperties) = preSolution
		HideSolutionNode = FALSE
	EndGlobalSection
	GlobalSection(ExtensibilityGlobals) = postSolution
		SolutionGuid = {89980607-B04A-4166-AEF3-10321263C2B8}
	EndGlobalSection
EndGlobal
